# This file is autogenerated, do not edit; changes may be undone by the next 'dep ensure'.


[[projects]]
  branch = "master"
  name = "github.com/davidkbainbridge/test"
  packages = [
    "v1",
    "v2"
  ]
  revision = "a699d68793693b60a3443b40f4478ce483067a72"

[solve-meta]
  analyzer-name = "dep"
  analyzer-version = 1
  inputs-digest = "e66547b9fcb33e6a9974efc07f6bf7c27e70caf0369cb86d38d24eddadd59b4e"
  solver-name = "gps-cdcl"
  solver-version = 1
